
Microsoft Visual Studio Solution File, Format Version 12.00
# Visual Studio 2012
Project("{FAE04EC0-301F-11D3-BF4B-00C04F79EFBC}") = "Fans", "Fans\Fans.csproj", "{38843EAA-1A62-4E66-AEF2-8996C6ACA0A8}"
EndProject
Project("{FAE04EC0-301F-11D3-BF4B-00C04F79EFBC}") = "Fans.TestConsole", "Fans.TestConsole\Fans.TestConsole.csproj", "{0EC4E348-A03A-44AE-8415-E6A9B49D44FC}"
EndProject
Global
	GlobalSection(SolutionConfigurationPlatforms) = preSolution
		Debug|Any CPU = Debug|Any CPU
		Release|Any CPU = Release|Any CPU
	EndGlobalSection
	GlobalSection(ProjectConfigurationPlatforms) = postSolution
		{38843EAA-1A62-4E66-AEF2-8996C6ACA0A8}.Debug|Any CPU.ActiveCfg = Debug|Any CPU
		{38843EAA-1A62-4E66-AEF2-8996C6ACA0A8}.Debug|Any CPU.Build.0 = Debug|Any CPU
		{38843EAA-1A62-4E66-AEF2-8996C6ACA0A8}.Release|Any CPU.ActiveCfg = Release|Any CPU
		{38843EAA-1A62-4E66-AEF2-8996C6ACA0A8}.Release|Any CPU.Build.0 = Release|Any CPU
		{0EC4E348-A03A-44AE-8415-E6A9B49D44FC}.Debug|Any CPU.ActiveCfg = Debug|Any CPU
		{0EC4E348-A03A-44AE-8415-E6A9B49D44FC}.Debug|Any CPU.Build.0 = Debug|Any CPU
		{0EC4E348-A03A-44AE-8415-E6A9B49D44FC}.Release|Any CPU.ActiveCfg = Release|Any CPU
		{0EC4E348-A03A-44AE-8415-E6A9B49D44FC}.Release|Any CPU.Build.0 = Release|Any CPU
	EndGlobalSection
	GlobalSection(SolutionProperties) = preSolution
		HideSolutionNode = FALSE
	EndGlobalSection
EndGlobal
